
Microsoft Visual Studio Solution File, Format Version 12.00
# Visual Studio Version 16
VisualStudioVersion = 16.0.34031.81
MinimumVisualStudioVersion = 10.0.40219.1
Project("{FAE04EC0-301F-11D3-BF4B-00C04F79EFBC}") = "PerpustakaanAppMVC", "PerpustakaanAppMVC\PerpustakaanAppMVC.csproj", "{787A2DB8-D2EB-4C08-A17A-93A338F0D1B2}"
EndProject
Global
	GlobalSection(SolutionConfigurationPlatforms) = preSolution
		Debug|Any CPU = Debug|Any CPU
		Release|Any CPU = Release|Any CPU
	EndGlobalSection
	GlobalSection(ProjectConfigurationPlatforms) = postSolution
		{787A2DB8-D2EB-4C08-A17A-93A338F0D1B2}.Debug|Any CPU.ActiveCfg = Debug|Any CPU
		{787A2DB8-D2EB-4C08-A17A-93A338F0D1B2}.Debug|Any CPU.Build.0 = Debug|Any CPU
		{787A2DB8-D2EB-4C08-A17A-93A338F0D1B2}.Release|Any CPU.ActiveCfg = Release|Any CPU
		{787A2DB8-D2EB-4C08-A17A-93A338F0D1B2}.Release|Any CPU.Build.0 = Release|Any CPU
	EndGlobalSection
	GlobalSection(SolutionProperties) = preSolution
		HideSolutionNode = FALSE
	EndGlobalSection
	GlobalSection(ExtensibilityGlobals) = postSolution
		SolutionGuid = {4DFAA115-9E2F-4ACC-B2CA-B3854CF9EE9C}
	EndGlobalSection
EndGlobal
